{
  "name": "suitter-mvp",
  "version": "1.0.0",
  "lockfileVersion": 3,
  "requires": true,
  "packages": {
    "": {
      "name": "suitter-mvp",
      "version": "1.0.0",
      "license": "MIT",
      "workspaces": [
        "pkgs/*"
      ]
    },
    "node_modules/contract": {
      "resolved": "pkgs/contract",
      "link": true
    },
    "pkgs/contract": {
      "version": "1.0.0",
      "license": "MIT"
    }
  }
}
